// !$*UTF8*$!
{
	archiveVersion = 1;
	classes = {
	};
	objectVersion = 52;
	objects = {

/* Begin PBXBuildFile section */
		A10CD2D028B9D1BB00B37AA4 /* CustomTabBarViewController.swift in Sources */ = {isa = PBXBuildFile; fileRef = A10CD2CF28B9D1BB00B37AA4 /* CustomTabBarViewController.swift */; };
		A1202125288BB8DD00C8746A /* NewsListTableViewCell2.swift in Sources */ = {isa = PBXBuildFile; fileRef = A1202124288BB8DD00C8746A /* NewsListTableViewCell2.swift */; };
		A12705122830AE9900ED92F2 /* StockListViewModel.swift in Sources */ = {isa = PBXBuildFile; fileRef = A12705112830AE9900ED92F2 /* StockListViewModel.swift */; };
		A12705142830B36700ED92F2 /* StockCellViewModel.swift in Sources */ = {isa = PBXBuildFile; fileRef = A12705132830B36700ED92F2 /* StockCellViewModel.swift */; };
		A12705162830BCE500ED92F2 /* Observable.swift in Sources */ = {isa = PBXBuildFile; fileRef = A12705152830BCE500ED92F2 /* Observable.swift */; };
		A12705182830F4AB00ED92F2 /* GoogleService-Info.plist in Resources */ = {isa = PBXBuildFile; fileRef = A12705172830F4AB00ED92F2 /* GoogleService-Info.plist */; };
		A127051A28314D6900ED92F2 /* AddStockCellViewModel.swift in Sources */ = {isa = PBXBuildFile; fileRef = A127051928314D6900ED92F2 /* AddStockCellViewModel.swift */; };
		A127051C2831F98100ED92F2 /* AddStockNoViewModel.swift in Sources */ = {isa = PBXBuildFile; fileRef = A127051B2831F98100ED92F2 /* AddStockNoViewModel.swift */; };
		A127051E283201D700ED92F2 /* AddListViewModel.swift in Sources */ = {isa = PBXBuildFile; fileRef = A127051D283201D700ED92F2 /* AddListViewModel.swift */; };
		A1270520283209FD00ED92F2 /* StockDetailViewModel.swift in Sources */ = {isa = PBXBuildFile; fileRef = A127051F283209FD00ED92F2 /* StockDetailViewModel.swift */; };
		A127052228320B2200ED92F2 /* AddHistoryViewModel.swift in Sources */ = {isa = PBXBuildFile; fileRef = A127052128320B2200ED92F2 /* AddHistoryViewModel.swift */; };
		A1270524283212FE00ED92F2 /* StatisticViewModel.swift in Sources */ = {isa = PBXBuildFile; fileRef = A1270523283212FE00ED92F2 /* StatisticViewModel.swift */; };
		A127052628321DB000ED92F2 /* HistoryCellViewModel.swift in Sources */ = {isa = PBXBuildFile; fileRef = A127052528321DB000ED92F2 /* HistoryCellViewModel.swift */; };
		A1270528283241D700ED92F2 /* ChatViewModel.swift in Sources */ = {isa = PBXBuildFile; fileRef = A1270527283241D700ED92F2 /* ChatViewModel.swift */; };
		A127052A28335E6C00ED92F2 /* NewsListViewModel.swift in Sources */ = {isa = PBXBuildFile; fileRef = A127052928335E6C00ED92F2 /* NewsListViewModel.swift */; };
		A127052C2833604400ED92F2 /* NewsListCellViewModel.swift in Sources */ = {isa = PBXBuildFile; fileRef = A127052B2833604400ED92F2 /* NewsListCellViewModel.swift */; };
		A128BB7D285241E8007F7645 /* OneDayStockInfo.swift in Sources */ = {isa = PBXBuildFile; fileRef = DF06F3122709A3190031D6FE /* OneDayStockInfo.swift */; };
		A128BB7F28524570007F7645 /* WidgetStockData.swift in Sources */ = {isa = PBXBuildFile; fileRef = A128BB7E28524570007F7645 /* WidgetStockData.swift */; };
		A168E09E27146EF600C75064 /* NewsAPI.swift in Sources */ = {isa = PBXBuildFile; fileRef = A168E09D27146EF600C75064 /* NewsAPI.swift */; };
		A168E0A027147C9800C75064 /* NewsListViewController.swift in Sources */ = {isa = PBXBuildFile; fileRef = A168E09F27147C9800C75064 /* NewsListViewController.swift */; };
		A168E0A22714822D00C75064 /* NewsListTableViewCell.swift in Sources */ = {isa = PBXBuildFile; fileRef = A168E0A12714822D00C75064 /* NewsListTableViewCell.swift */; };
		A168E0A427148D1600C75064 /* webViewController.swift in Sources */ = {isa = PBXBuildFile; fileRef = A168E0A327148D1600C75064 /* webViewController.swift */; };
		A181943B28B87895009475E9 /* ValidInputService.swift in Sources */ = {isa = PBXBuildFile; fileRef = A181943A28B87895009475E9 /* ValidInputService.swift */; };
		A181945928B88209009475E9 /* ValidInputServiceTest.swift in Sources */ = {isa = PBXBuildFile; fileRef = A181945828B88209009475E9 /* ValidInputServiceTest.swift */; };
		A197396227154CEB009D5917 /* Kingfisher in Frameworks */ = {isa = PBXBuildFile; productRef = A197396127154CEB009D5917 /* Kingfisher */; };
		A199DC3228BF1B70003FBC61 /* SettingViewController.swift in Sources */ = {isa = PBXBuildFile; fileRef = A199DC3128BF1B70003FBC61 /* SettingViewController.swift */; };
		A199DC3428BF400D003FBC61 /* EditFeeViewController.swift in Sources */ = {isa = PBXBuildFile; fileRef = A199DC3328BF400D003FBC61 /* EditFeeViewController.swift */; };
		A199DC3828BFA048003FBC61 /* UserDefault+Extension.swift in Sources */ = {isa = PBXBuildFile; fileRef = A199DC3728BFA048003FBC61 /* UserDefault+Extension.swift */; };
		A199DC3B28C79AB3003FBC61 /* GoogleSignIn in Frameworks */ = {isa = PBXBuildFile; productRef = A199DC3A28C79AB3003FBC61 /* GoogleSignIn */; };
		A199DC3D28C79AB3003FBC61 /* GoogleSignInSwift in Frameworks */ = {isa = PBXBuildFile; productRef = A199DC3C28C79AB3003FBC61 /* GoogleSignInSwift */; };
		A199DC3F28C79CAE003FBC61 /* AccountViewController.swift in Sources */ = {isa = PBXBuildFile; fileRef = A199DC3E28C79CAE003FBC61 /* AccountViewController.swift */; };
		A1A1CE8B28407EEA00786864 /* FirebaseAnalyticsSwift-Beta in Frameworks */ = {isa = PBXBuildFile; productRef = A1A1CE8A28407EEA00786864 /* FirebaseAnalyticsSwift-Beta */; };
		A1A1CE8D28407EEA00786864 /* FirebaseCrashlytics in Frameworks */ = {isa = PBXBuildFile; productRef = A1A1CE8C28407EEA00786864 /* FirebaseCrashlytics */; };
		A1C2E5E728B71F55009D8D9B /* ViewController+extension.swift in Sources */ = {isa = PBXBuildFile; fileRef = A1C2E5E628B71F55009D8D9B /* ViewController+extension.swift */; };
		A1C9DAE02834F9DA00ADDEDB /* UIButton+Extension.swift in Sources */ = {isa = PBXBuildFile; fileRef = A1C9DADF2834F9DA00ADDEDB /* UIButton+Extension.swift */; };
		A1CF660A28BEFB88005F6189 /* MessageKit in Frameworks */ = {isa = PBXBuildFile; productRef = A1CF660928BEFB88005F6189 /* MessageKit */; };
		DF06F2FB27097F2C0031D6FE /* AppDelegate.swift in Sources */ = {isa = PBXBuildFile; fileRef = DF06F2FA27097F2C0031D6FE /* AppDelegate.swift */; };
		DF06F2FD27097F2C0031D6FE /* SceneDelegate.swift in Sources */ = {isa = PBXBuildFile; fileRef = DF06F2FC27097F2C0031D6FE /* SceneDelegate.swift */; };
		DF06F2FF27097F2C0031D6FE /* StockListViewController.swift in Sources */ = {isa = PBXBuildFile; fileRef = DF06F2FE27097F2C0031D6FE /* StockListViewController.swift */; };
		DF06F30227097F2C0031D6FE /* Main.storyboard in Resources */ = {isa = PBXBuildFile; fileRef = DF06F30027097F2C0031D6FE /* Main.storyboard */; };
		DF06F30427097F2E0031D6FE /* Assets.xcassets in Resources */ = {isa = PBXBuildFile; fileRef = DF06F30327097F2E0031D6FE /* Assets.xcassets */; };
		DF06F30727097F2E0031D6FE /* LaunchScreen.storyboard in Resources */ = {isa = PBXBuildFile; fileRef = DF06F30527097F2E0031D6FE /* LaunchScreen.storyboard */; };
		DF06F3102709805E0031D6FE /* StockInfo.swift in Sources */ = {isa = PBXBuildFile; fileRef = DF06F30F2709805E0031D6FE /* StockInfo.swift */; };
		DF06F3132709A3190031D6FE /* OneDayStockInfo.swift in Sources */ = {isa = PBXBuildFile; fileRef = DF06F3122709A3190031D6FE /* OneDayStockInfo.swift */; };
		DF06F317270A01220031D6FE /* StockTableViewCell.swift in Sources */ = {isa = PBXBuildFile; fileRef = DF06F316270A01220031D6FE /* StockTableViewCell.swift */; };
		DF06F31C270AA43A0031D6FE /* StockViewController.swift in Sources */ = {isa = PBXBuildFile; fileRef = DF06F31B270AA43A0031D6FE /* StockViewController.swift */; };
		DF06F324270B1A4F0031D6FE /* MyStockList.swift in Sources */ = {isa = PBXBuildFile; fileRef = DF06F323270B1A4F0031D6FE /* MyStockList.swift */; };
		DF06F326270D50000031D6FE /* History.swift in Sources */ = {isa = PBXBuildFile; fileRef = DF06F325270D50000031D6FE /* History.swift */; };
		DF06F328270D61AC0031D6FE /* HistoryTableViewCell.swift in Sources */ = {isa = PBXBuildFile; fileRef = DF06F327270D61AC0031D6FE /* HistoryTableViewCell.swift */; };
		DF06F32A270DEA1A0031D6FE /* AddHistoryViewController.swift in Sources */ = {isa = PBXBuildFile; fileRef = DF06F329270DEA1A0031D6FE /* AddHistoryViewController.swift */; };
		DF14417C2785A5630038D05D /* StatisticViewController.swift in Sources */ = {isa = PBXBuildFile; fileRef = DF14417B2785A5630038D05D /* StatisticViewController.swift */; };
		DF14417E27868B240038D05D /* StatisticTableViewCell.swift in Sources */ = {isa = PBXBuildFile; fileRef = DF14417D27868B240038D05D /* StatisticTableViewCell.swift */; };
		DF14418027869C200038D05D /* StockStatistic.swift in Sources */ = {isa = PBXBuildFile; fileRef = DF14417F27869C200038D05D /* StockStatistic.swift */; };
		DF3873A227ECC8DC000E2EAF /* LargeValueFormatter.swift in Sources */ = {isa = PBXBuildFile; fileRef = DF3873A127ECC8DC000E2EAF /* LargeValueFormatter.swift */; };
		DF715D722809140300DD92F4 /* AddListViewController.swift in Sources */ = {isa = PBXBuildFile; fileRef = DF715D712809140300DD92F4 /* AddListViewController.swift */; };
		DF793AD727DF8C36007C9442 /* AddStockNoViewController.swift in Sources */ = {isa = PBXBuildFile; fileRef = DF793AD627DF8C36007C9442 /* AddStockNoViewController.swift */; };
		DF793AD927DF8E29007C9442 /* StockNoList.swift in Sources */ = {isa = PBXBuildFile; fileRef = DF793AD827DF8E29007C9442 /* StockNoList.swift */; };
		DF793ADB27E03258007C9442 /* AddStockTableViewCell.swift in Sources */ = {isa = PBXBuildFile; fileRef = DF793ADA27E03258007C9442 /* AddStockTableViewCell.swift */; };
		DF944EE92807DB04005157A9 /* ChartService.swift in Sources */ = {isa = PBXBuildFile; fileRef = DF944EE82807DB04005157A9 /* ChartService.swift */; };
		DFD239DD270F39A7004AFAF9 /* MyTaiwanStock.xcdatamodeld in Sources */ = {isa = PBXBuildFile; fileRef = DFD239DB270F39A7004AFAF9 /* MyTaiwanStock.xcdatamodeld */; };
		DFFB336E27F858830018F3A4 /* WidgetKit.framework in Frameworks */ = {isa = PBXBuildFile; fileRef = DFFB336D27F858830018F3A4 /* WidgetKit.framework */; };
		DFFB337027F858830018F3A4 /* SwiftUI.framework in Frameworks */ = {isa = PBXBuildFile; fileRef = DFFB336F27F858830018F3A4 /* SwiftUI.framework */; };
		DFFB337327F858830018F3A4 /* StockWidget.swift in Sources */ = {isa = PBXBuildFile; fileRef = DFFB337227F858830018F3A4 /* StockWidget.swift */; };
		DFFB337527F858850018F3A4 /* Assets.xcassets in Resources */ = {isa = PBXBuildFile; fileRef = DFFB337427F858850018F3A4 /* Assets.xcassets */; };
		DFFB337927F858850018F3A4 /* StockWidgetExtension.appex in Embed App Extensions */ = {isa = PBXBuildFile; fileRef = DFFB336C27F858830018F3A4 /* StockWidgetExtension.appex */; settings = {ATTRIBUTES = (RemoveHeadersOnCopy, ); }; };
		DFFB338027F85A160018F3A4 /* Charts in Frameworks */ = {isa = PBXBuildFile; productRef = DFFB337F27F85A160018F3A4 /* Charts */; };
		DFFEB04127E1D00700C85A53 /* FirebaseAuth in Frameworks */ = {isa = PBXBuildFile; productRef = DFFEB04027E1D00700C85A53 /* FirebaseAuth */; };
		DFFEB04327E1D00700C85A53 /* FirebaseFirestore in Frameworks */ = {isa = PBXBuildFile; productRef = DFFEB04227E1D00700C85A53 /* FirebaseFirestore */; };
		DFFEB04527E1D00700C85A53 /* FirebaseFirestoreSwift-Beta in Frameworks */ = {isa = PBXBuildFile; productRef = DFFEB04427E1D00700C85A53 /* FirebaseFirestoreSwift-Beta */; };
		DFFEB04A27E1D45000C85A53 /* ChatViewController.swift in Sources */ = {isa = PBXBuildFile; fileRef = DFFEB04927E1D45000C85A53 /* ChatViewController.swift */; };
		DFFEB04C27E1D68C00C85A53 /* Sender.swift in Sources */ = {isa = PBXBuildFile; fileRef = DFFEB04B27E1D68C00C85A53 /* Sender.swift */; };
		DFFEB04E27E1D6C400C85A53 /* Message.swift in Sources */ = {isa = PBXBuildFile; fileRef = DFFEB04D27E1D6C400C85A53 /* Message.swift */; };
		DFFEB05027E1E37D00C85A53 /* Channel.swift in Sources */ = {isa = PBXBuildFile; fileRef = DFFEB04F27E1E37D00C85A53 /* Channel.swift */; };
/* End PBXBuildFile section */

/* Begin PBXContainerItemProxy section */
		A181945328B881B5009475E9 /* PBXContainerItemProxy */ = {
			isa = PBXContainerItemProxy;
			containerPortal = DF06F2EF27097F2C0031D6FE /* Project object */;
			proxyType = 1;
			remoteGlobalIDString = DF06F2F627097F2C0031D6FE;
			remoteInfo = MyTaiwanStock;
		};
		DFFB337727F858850018F3A4 /* PBXContainerItemProxy */ = {
			isa = PBXContainerItemProxy;
			containerPortal = DF06F2EF27097F2C0031D6FE /* Project object */;
			proxyType = 1;
			remoteGlobalIDString = DFFB336B27F858830018F3A4;
			remoteInfo = StockWidgetExtension;
		};
/* End PBXContainerItemProxy section */

/* Begin PBXCopyFilesBuildPhase section */
		DFA9FBDD27ED90C300632127 /* Embed Frameworks */ = {
			isa = PBXCopyFilesBuildPhase;
			buildActionMask = 2147483647;
			dstPath = "";
			dstSubfolderSpec = 10;
			files = (
			);
			name = "Embed Frameworks";
			runOnlyForDeploymentPostprocessing = 0;
		};
		DFFB337A27F858850018F3A4 /* Embed App Extensions */ = {
			isa = PBXCopyFilesBuildPhase;
			buildActionMask = 2147483647;
			dstPath = "";
			dstSubfolderSpec = 13;
			files = (
				DFFB337927F858850018F3A4 /* StockWidgetExtension.appex in Embed App Extensions */,
			);
			name = "Embed App Extensions";
			runOnlyForDeploymentPostprocessing = 0;
		};
/* End PBXCopyFilesBuildPhase section */

/* Begin PBXFileReference section */
		A10CD2CF28B9D1BB00B37AA4 /* CustomTabBarViewController.swift */ = {isa = PBXFileReference; lastKnownFileType = sourcecode.swift; path = CustomTabBarViewController.swift; sourceTree = "<group>"; };
		A1202124288BB8DD00C8746A /* NewsListTableViewCell2.swift */ = {isa = PBXFileReference; lastKnownFileType = sourcecode.swift; path = NewsListTableViewCell2.swift; sourceTree = "<group>"; };
		A12705112830AE9900ED92F2 /* StockListViewModel.swift */ = {isa = PBXFileReference; lastKnownFileType = sourcecode.swift; path = StockListViewModel.swift; sourceTree = "<group>"; };
		A12705132830B36700ED92F2 /* StockCellViewModel.swift */ = {isa = PBXFileReference; lastKnownFileType = sourcecode.swift; path = StockCellViewModel.swift; sourceTree = "<group>"; };
		A12705152830BCE500ED92F2 /* Observable.swift */ = {isa = PBXFileReference; lastKnownFileType = sourcecode.swift; path = Observable.swift; sourceTree = "<group>"; };
		A12705172830F4AB00ED92F2 /* GoogleService-Info.plist */ = {isa = PBXFileReference; fileEncoding = 4; lastKnownFileType = text.plist.xml; path = "GoogleService-Info.plist"; sourceTree = "<group>"; };
		A127051928314D6900ED92F2 /* AddStockCellViewModel.swift */ = {isa = PBXFileReference; lastKnownFileType = sourcecode.swift; path = AddStockCellViewModel.swift; sourceTree = "<group>"; };
		A127051B2831F98100ED92F2 /* AddStockNoViewModel.swift */ = {isa = PBXFileReference; lastKnownFileType = sourcecode.swift; path = AddStockNoViewModel.swift; sourceTree = "<group>"; };
		A127051D283201D700ED92F2 /* AddListViewModel.swift */ = {isa = PBXFileReference; lastKnownFileType = sourcecode.swift; path = AddListViewModel.swift; sourceTree = "<group>"; };
		A127051F283209FD00ED92F2 /* StockDetailViewModel.swift */ = {isa = PBXFileReference; lastKnownFileType = sourcecode.swift; path = StockDetailViewModel.swift; sourceTree = "<group>"; };
		A127052128320B2200ED92F2 /* AddHistoryViewModel.swift */ = {isa = PBXFileReference; lastKnownFileType = sourcecode.swift; path = AddHistoryViewModel.swift; sourceTree = "<group>"; };
		A1270523283212FE00ED92F2 /* StatisticViewModel.swift */ = {isa = PBXFileReference; lastKnownFileType = sourcecode.swift; path = StatisticViewModel.swift; sourceTree = "<group>"; };
		A127052528321DB000ED92F2 /* HistoryCellViewModel.swift */ = {isa = PBXFileReference; lastKnownFileType = sourcecode.swift; path = HistoryCellViewModel.swift; sourceTree = "<group>"; };
		A1270527283241D700ED92F2 /* ChatViewModel.swift */ = {isa = PBXFileReference; lastKnownFileType = sourcecode.swift; path = ChatViewModel.swift; sourceTree = "<group>"; };
		A127052928335E6C00ED92F2 /* NewsListViewModel.swift */ = {isa = PBXFileReference; lastKnownFileType = sourcecode.swift; path = NewsListViewModel.swift; sourceTree = "<group>"; };
		A127052B2833604400ED92F2 /* NewsListCellViewModel.swift */ = {isa = PBXFileReference; lastKnownFileType = sourcecode.swift; path = NewsListCellViewModel.swift; sourceTree = "<group>"; };
		A128BB7E28524570007F7645 /* WidgetStockData.swift */ = {isa = PBXFileReference; lastKnownFileType = sourcecode.swift; path = WidgetStockData.swift; sourceTree = "<group>"; };
		A168E09D27146EF600C75064 /* NewsAPI.swift */ = {isa = PBXFileReference; lastKnownFileType = sourcecode.swift; path = NewsAPI.swift; sourceTree = "<group>"; };
		A168E09F27147C9800C75064 /* NewsListViewController.swift */ = {isa = PBXFileReference; lastKnownFileType = sourcecode.swift; path = NewsListViewController.swift; sourceTree = "<group>"; };
		A168E0A12714822D00C75064 /* NewsListTableViewCell.swift */ = {isa = PBXFileReference; lastKnownFileType = sourcecode.swift; path = NewsListTableViewCell.swift; sourceTree = "<group>"; };
		A168E0A327148D1600C75064 /* webViewController.swift */ = {isa = PBXFileReference; lastKnownFileType = sourcecode.swift; path = webViewController.swift; sourceTree = "<group>"; };
		A181943A28B87895009475E9 /* ValidInputService.swift */ = {isa = PBXFileReference; lastKnownFileType = sourcecode.swift; path = ValidInputService.swift; sourceTree = "<group>"; };
		A181944F28B881B5009475E9 /* MyTaiwanStockTests.xctest */ = {isa = PBXFileReference; explicitFileType = wrapper.cfbundle; includeInIndex = 0; path = MyTaiwanStockTests.xctest; sourceTree = BUILT_PRODUCTS_DIR; };
		A181945828B88209009475E9 /* ValidInputServiceTest.swift */ = {isa = PBXFileReference; lastKnownFileType = sourcecode.swift; path = ValidInputServiceTest.swift; sourceTree = "<group>"; };
		A199DC3128BF1B70003FBC61 /* SettingViewController.swift */ = {isa = PBXFileReference; lastKnownFileType = sourcecode.swift; path = SettingViewController.swift; sourceTree = "<group>"; };
		A199DC3328BF400D003FBC61 /* EditFeeViewController.swift */ = {isa = PBXFileReference; lastKnownFileType = sourcecode.swift; path = EditFeeViewController.swift; sourceTree = "<group>"; };
		A199DC3728BFA048003FBC61 /* UserDefault+Extension.swift */ = {isa = PBXFileReference; lastKnownFileType = sourcecode.swift; path = "UserDefault+Extension.swift"; sourceTree = "<group>"; };
		A199DC3E28C79CAE003FBC61 /* AccountViewController.swift */ = {isa = PBXFileReference; lastKnownFileType = sourcecode.swift; path = AccountViewController.swift; sourceTree = "<group>"; };
		A1C2E5E628B71F55009D8D9B /* ViewController+extension.swift */ = {isa = PBXFileReference; lastKnownFileType = sourcecode.swift; path = "ViewController+extension.swift"; sourceTree = "<group>"; };
		A1C9DADF2834F9DA00ADDEDB /* UIButton+Extension.swift */ = {isa = PBXFileReference; lastKnownFileType = sourcecode.swift; path = "UIButton+Extension.swift"; sourceTree = "<group>"; };
		DF06F2F727097F2C0031D6FE /* MyTaiwanStock.app */ = {isa = PBXFileReference; explicitFileType = wrapper.application; includeInIndex = 0; path = MyTaiwanStock.app; sourceTree = BUILT_PRODUCTS_DIR; };
		DF06F2FA27097F2C0031D6FE /* AppDelegate.swift */ = {isa = PBXFileReference; lastKnownFileType = sourcecode.swift; path = AppDelegate.swift; sourceTree = "<group>"; };
		DF06F2FC27097F2C0031D6FE /* SceneDelegate.swift */ = {isa = PBXFileReference; lastKnownFileType = sourcecode.swift; path = SceneDelegate.swift; sourceTree = "<group>"; };
		DF06F2FE27097F2C0031D6FE /* StockListViewController.swift */ = {isa = PBXFileReference; lastKnownFileType = sourcecode.swift; path = StockListViewController.swift; sourceTree = "<group>"; };
		DF06F30127097F2C0031D6FE /* Base */ = {isa = PBXFileReference; lastKnownFileType = file.storyboard; name = Base; path = Base.lproj/Main.storyboard; sourceTree = "<group>"; };
		DF06F30327097F2E0031D6FE /* Assets.xcassets */ = {isa = PBXFileReference; lastKnownFileType = folder.assetcatalog; path = Assets.xcassets; sourceTree = "<group>"; };
		DF06F30627097F2E0031D6FE /* Base */ = {isa = PBXFileReference; lastKnownFileType = file.storyboard; name = Base; path = Base.lproj/LaunchScreen.storyboard; sourceTree = "<group>"; };
		DF06F30827097F2E0031D6FE /* Info.plist */ = {isa = PBXFileReference; lastKnownFileType = text.plist.xml; path = Info.plist; sourceTree = "<group>"; };
		DF06F30F2709805E0031D6FE /* StockInfo.swift */ = {isa = PBXFileReference; lastKnownFileType = sourcecode.swift; path = StockInfo.swift; sourceTree = "<group>"; };
		DF06F3122709A3190031D6FE /* OneDayStockInfo.swift */ = {isa = PBXFileReference; lastKnownFileType = sourcecode.swift; path = OneDayStockInfo.swift; sourceTree = "<group>"; };
		DF06F316270A01220031D6FE /* StockTableViewCell.swift */ = {isa = PBXFileReference; lastKnownFileType = sourcecode.swift; path = StockTableViewCell.swift; sourceTree = "<group>"; };
		DF06F31B270AA43A0031D6FE /* StockViewController.swift */ = {isa = PBXFileReference; lastKnownFileType = sourcecode.swift; path = StockViewController.swift; sourceTree = "<group>"; };
		DF06F323270B1A4F0031D6FE /* MyStockList.swift */ = {isa = PBXFileReference; lastKnownFileType = sourcecode.swift; path = MyStockList.swift; sourceTree = "<group>"; };
		DF06F325270D50000031D6FE /* History.swift */ = {isa = PBXFileReference; lastKnownFileType = sourcecode.swift; path = History.swift; sourceTree = "<group>"; };
		DF06F327270D61AC0031D6FE /* HistoryTableViewCell.swift */ = {isa = PBXFileReference; lastKnownFileType = sourcecode.swift; path = HistoryTableViewCell.swift; sourceTree = "<group>"; };
		DF06F329270DEA1A0031D6FE /* AddHistoryViewController.swift */ = {isa = PBXFileReference; lastKnownFileType = sourcecode.swift; path = AddHistoryViewController.swift; sourceTree = "<group>"; };
		DF14417B2785A5630038D05D /* StatisticViewController.swift */ = {isa = PBXFileReference; lastKnownFileType = sourcecode.swift; path = StatisticViewController.swift; sourceTree = "<group>"; };
		DF14417D27868B240038D05D /* StatisticTableViewCell.swift */ = {isa = PBXFileReference; lastKnownFileType = sourcecode.swift; path = StatisticTableViewCell.swift; sourceTree = "<group>"; };
		DF14417F27869C200038D05D /* StockStatistic.swift */ = {isa = PBXFileReference; lastKnownFileType = sourcecode.swift; path = StockStatistic.swift; sourceTree = "<group>"; };
		DF3873A127ECC8DC000E2EAF /* LargeValueFormatter.swift */ = {isa = PBXFileReference; lastKnownFileType = sourcecode.swift; path = LargeValueFormatter.swift; sourceTree = "<group>"; };
		DF715D712809140300DD92F4 /* AddListViewController.swift */ = {isa = PBXFileReference; lastKnownFileType = sourcecode.swift; path = AddListViewController.swift; sourceTree = "<group>"; };
		DF793AD627DF8C36007C9442 /* AddStockNoViewController.swift */ = {isa = PBXFileReference; lastKnownFileType = sourcecode.swift; path = AddStockNoViewController.swift; sourceTree = "<group>"; };
		DF793AD827DF8E29007C9442 /* StockNoList.swift */ = {isa = PBXFileReference; lastKnownFileType = sourcecode.swift; path = StockNoList.swift; sourceTree = "<group>"; };
		DF793ADA27E03258007C9442 /* AddStockTableViewCell.swift */ = {isa = PBXFileReference; lastKnownFileType = sourcecode.swift; path = AddStockTableViewCell.swift; sourceTree = "<group>"; };
		DF944EE82807DB04005157A9 /* ChartService.swift */ = {isa = PBXFileReference; lastKnownFileType = sourcecode.swift; path = ChartService.swift; sourceTree = "<group>"; };
		DFD239DC270F39A7004AFAF9 /* MyTaiwanStock.xcdatamodel */ = {isa = PBXFileReference; lastKnownFileType = wrapper.xcdatamodel; path = MyTaiwanStock.xcdatamodel; sourceTree = "<group>"; };
		DFFB336C27F858830018F3A4 /* StockWidgetExtension.appex */ = {isa = PBXFileReference; explicitFileType = "wrapper.app-extension"; includeInIndex = 0; path = StockWidgetExtension.appex; sourceTree = BUILT_PRODUCTS_DIR; };
		DFFB336D27F858830018F3A4 /* WidgetKit.framework */ = {isa = PBXFileReference; lastKnownFileType = wrapper.framework; name = WidgetKit.framework; path = System/Library/Frameworks/WidgetKit.framework; sourceTree = SDKROOT; };
		DFFB336F27F858830018F3A4 /* SwiftUI.framework */ = {isa = PBXFileReference; lastKnownFileType = wrapper.framework; name = SwiftUI.framework; path = System/Library/Frameworks/SwiftUI.framework; sourceTree = SDKROOT; };
		DFFB337227F858830018F3A4 /* StockWidget.swift */ = {isa = PBXFileReference; lastKnownFileType = sourcecode.swift; path = StockWidget.swift; sourceTree = "<group>"; };
		DFFB337427F858850018F3A4 /* Assets.xcassets */ = {isa = PBXFileReference; lastKnownFileType = folder.assetcatalog; path = Assets.xcassets; sourceTree = "<group>"; };
		DFFB337627F858850018F3A4 /* Info.plist */ = {isa = PBXFileReference; lastKnownFileType = text.plist.xml; path = Info.plist; sourceTree = "<group>"; };
		DFFB338127F94B5A0018F3A4 /* MyTaiwanStock.entitlements */ = {isa = PBXFileReference; lastKnownFileType = text.plist.entitlements; path = MyTaiwanStock.entitlements; sourceTree = "<group>"; };
		DFFB338227F94B740018F3A4 /* StockWidgetExtension.entitlements */ = {isa = PBXFileReference; lastKnownFileType = text.plist.entitlements; path = StockWidgetExtension.entitlements; sourceTree = "<group>"; };
		DFFEB04927E1D45000C85A53 /* ChatViewController.swift */ = {isa = PBXFileReference; lastKnownFileType = sourcecode.swift; path = ChatViewController.swift; sourceTree = "<group>"; };
		DFFEB04B27E1D68C00C85A53 /* Sender.swift */ = {isa = PBXFileReference; lastKnownFileType = sourcecode.swift; path = Sender.swift; sourceTree = "<group>"; };
		DFFEB04D27E1D6C400C85A53 /* Message.swift */ = {isa = PBXFileReference; lastKnownFileType = sourcecode.swift; path = Message.swift; sourceTree = "<group>"; };
		DFFEB04F27E1E37D00C85A53 /* Channel.swift */ = {isa = PBXFileReference; lastKnownFileType = sourcecode.swift; path = Channel.swift; sourceTree = "<group>"; };
/* End PBXFileReference section */

/* Begin PBXFrameworksBuildPhase section */
		A181944C28B881B5009475E9 /* Frameworks */ = {
			isa = PBXFrameworksBuildPhase;
			buildActionMask = 2147483647;
			files = (
			);
			runOnlyForDeploymentPostprocessing = 0;
		};
		DF06F2F427097F2C0031D6FE /* Frameworks */ = {
			isa = PBXFrameworksBuildPhase;
			buildActionMask = 2147483647;
			files = (
				A197396227154CEB009D5917 /* Kingfisher in Frameworks */,
				DFFEB04327E1D00700C85A53 /* FirebaseFirestore in Frameworks */,
				DFFB338027F85A160018F3A4 /* Charts in Frameworks */,
				DFFEB04527E1D00700C85A53 /* FirebaseFirestoreSwift-Beta in Frameworks */,
				A1A1CE8B28407EEA00786864 /* FirebaseAnalyticsSwift-Beta in Frameworks */,
				A199DC3D28C79AB3003FBC61 /* GoogleSignInSwift in Frameworks */,
				A1A1CE8D28407EEA00786864 /* FirebaseCrashlytics in Frameworks */,
				DFFEB04127E1D00700C85A53 /* FirebaseAuth in Frameworks */,
				A1CF660A28BEFB88005F6189 /* MessageKit in Frameworks */,
				A199DC3B28C79AB3003FBC61 /* GoogleSignIn in Frameworks */,
			);
			runOnlyForDeploymentPostprocessing = 0;
		};
		DFFB336927F858830018F3A4 /* Frameworks */ = {
			isa = PBXFrameworksBuildPhase;
			buildActionMask = 2147483647;
			files = (
				DFFB337027F858830018F3A4 /* SwiftUI.framework in Frameworks */,
				DFFB336E27F858830018F3A4 /* WidgetKit.framework in Frameworks */,
			);
			runOnlyForDeploymentPostprocessing = 0;
		};
/* End PBXFrameworksBuildPhase section */

/* Begin PBXGroup section */
		A12705102830AE7C00ED92F2 /* View Model */ = {
			isa = PBXGroup;
			children = (
				A12705112830AE9900ED92F2 /* StockListViewModel.swift */,
				A127051B2831F98100ED92F2 /* AddStockNoViewModel.swift */,
				A127051D283201D700ED92F2 /* AddListViewModel.swift */,
				A127051F283209FD00ED92F2 /* StockDetailViewModel.swift */,
				A127052128320B2200ED92F2 /* AddHistoryViewModel.swift */,
				A1270523283212FE00ED92F2 /* StatisticViewModel.swift */,
				A1270527283241D700ED92F2 /* ChatViewModel.swift */,
				A127052928335E6C00ED92F2 /* NewsListViewModel.swift */,
			);
			path = "View Model";
			sourceTree = "<group>";
		};
		A181945028B881B5009475E9 /* MyTaiwanStockTests */ = {
			isa = PBXGroup;
			children = (
				A181945828B88209009475E9 /* ValidInputServiceTest.swift */,
			);
			path = MyTaiwanStockTests;
			sourceTree = "<group>";
		};
		DF06F2EE27097F2C0031D6FE = {
			isa = PBXGroup;
			children = (
				DFFB338227F94B740018F3A4 /* StockWidgetExtension.entitlements */,
				DF06F2F927097F2C0031D6FE /* MyTaiwanStock */,
				DFFB337127F858830018F3A4 /* StockWidget */,
				A181945028B881B5009475E9 /* MyTaiwanStockTests */,
				DF06F2F827097F2C0031D6FE /* Products */,
				DF8691F227ECC463003FF990 /* Frameworks */,
			);
			sourceTree = "<group>";
		};
		DF06F2F827097F2C0031D6FE /* Products */ = {
			isa = PBXGroup;
			children = (
				DF06F2F727097F2C0031D6FE /* MyTaiwanStock.app */,
				DFFB336C27F858830018F3A4 /* StockWidgetExtension.appex */,
				A181944F28B881B5009475E9 /* MyTaiwanStockTests.xctest */,
			);
			name = Products;
			sourceTree = "<group>";
		};
		DF06F2F927097F2C0031D6FE /* MyTaiwanStock */ = {
			isa = PBXGroup;
			children = (
				DFFB338127F94B5A0018F3A4 /* MyTaiwanStock.entitlements */,
				DF3873A327ECC930000E2EAF /* Util */,
				DF06F315270A00DF0031D6FE /* View */,
				DF06F311270984FE0031D6FE /* View Controller */,
				DF06F30E27097F360031D6FE /* Model */,
				DF06F2FA27097F2C0031D6FE /* AppDelegate.swift */,
				DF06F2FC27097F2C0031D6FE /* SceneDelegate.swift */,
				A12705172830F4AB00ED92F2 /* GoogleService-Info.plist */,
				DF06F30027097F2C0031D6FE /* Main.storyboard */,
				DF06F30327097F2E0031D6FE /* Assets.xcassets */,
				DF06F30527097F2E0031D6FE /* LaunchScreen.storyboard */,
				DF06F30827097F2E0031D6FE /* Info.plist */,
			);
			path = MyTaiwanStock;
			sourceTree = "<group>";
		};
		DF06F30E27097F360031D6FE /* Model */ = {
			isa = PBXGroup;
			children = (
				DF06F30F2709805E0031D6FE /* StockInfo.swift */,
				DF06F3122709A3190031D6FE /* OneDayStockInfo.swift */,
				A168E09D27146EF600C75064 /* NewsAPI.swift */,
				DF06F323270B1A4F0031D6FE /* MyStockList.swift */,
				DF06F325270D50000031D6FE /* History.swift */,
				DFD239DB270F39A7004AFAF9 /* MyTaiwanStock.xcdatamodeld */,
				DF14417F27869C200038D05D /* StockStatistic.swift */,
				DF793AD827DF8E29007C9442 /* StockNoList.swift */,
				DFFEB04B27E1D68C00C85A53 /* Sender.swift */,
				DFFEB04D27E1D6C400C85A53 /* Message.swift */,
				DFFEB04F27E1E37D00C85A53 /* Channel.swift */,
			);
			path = Model;
			sourceTree = "<group>";
		};
		DF06F311270984FE0031D6FE /* View Controller */ = {
			isa = PBXGroup;
			children = (
				A12705102830AE7C00ED92F2 /* View Model */,
				DF06F2FE27097F2C0031D6FE /* StockListViewController.swift */,
				DF06F329270DEA1A0031D6FE /* AddHistoryViewController.swift */,
				DF06F31B270AA43A0031D6FE /* StockViewController.swift */,
				A168E09F27147C9800C75064 /* NewsListViewController.swift */,
				A168E0A327148D1600C75064 /* webViewController.swift */,
				DF14417B2785A5630038D05D /* StatisticViewController.swift */,
				DFFEB04927E1D45000C85A53 /* ChatViewController.swift */,
				DF715D712809140300DD92F4 /* AddListViewController.swift */,
				DF793AD627DF8C36007C9442 /* AddStockNoViewController.swift */,
				A10CD2CF28B9D1BB00B37AA4 /* CustomTabBarViewController.swift */,
				A199DC3128BF1B70003FBC61 /* SettingViewController.swift */,
				A199DC3328BF400D003FBC61 /* EditFeeViewController.swift */,
				A199DC3E28C79CAE003FBC61 /* AccountViewController.swift */,
			);
			path = "View Controller";
			sourceTree = "<group>";
		};
		DF06F315270A00DF0031D6FE /* View */ = {
			isa = PBXGroup;
			children = (
				DF06F316270A01220031D6FE /* StockTableViewCell.swift */,
				A12705132830B36700ED92F2 /* StockCellViewModel.swift */,
				A127052528321DB000ED92F2 /* HistoryCellViewModel.swift */,
				DF06F327270D61AC0031D6FE /* HistoryTableViewCell.swift */,
				A168E0A12714822D00C75064 /* NewsListTableViewCell.swift */,
				A1202124288BB8DD00C8746A /* NewsListTableViewCell2.swift */,
				A127052B2833604400ED92F2 /* NewsListCellViewModel.swift */,
				DF14417D27868B240038D05D /* StatisticTableViewCell.swift */,
				DF793ADA27E03258007C9442 /* AddStockTableViewCell.swift */,
				A127051928314D6900ED92F2 /* AddStockCellViewModel.swift */,
				A1C2E5E628B71F55009D8D9B /* ViewController+extension.swift */,
			);
			path = View;
			sourceTree = "<group>";
		};
		DF3873A327ECC930000E2EAF /* Util */ = {
			isa = PBXGroup;
			children = (
				DF3873A127ECC8DC000E2EAF /* LargeValueFormatter.swift */,
				DF944EE82807DB04005157A9 /* ChartService.swift */,
				A12705152830BCE500ED92F2 /* Observable.swift */,
				A1C9DADF2834F9DA00ADDEDB /* UIButton+Extension.swift */,
				A181943A28B87895009475E9 /* ValidInputService.swift */,
				A199DC3728BFA048003FBC61 /* UserDefault+Extension.swift */,
			);
			path = Util;
			sourceTree = "<group>";
		};
		DF8691F227ECC463003FF990 /* Frameworks */ = {
			isa = PBXGroup;
			children = (
				DFFB336D27F858830018F3A4 /* WidgetKit.framework */,
				DFFB336F27F858830018F3A4 /* SwiftUI.framework */,
			);
			name = Frameworks;
			sourceTree = "<group>";
		};
		DFFB337127F858830018F3A4 /* StockWidget */ = {
			isa = PBXGroup;
			children = (
				DFFB337227F858830018F3A4 /* StockWidget.swift */,
				DFFB337427F858850018F3A4 /* Assets.xcassets */,
				DFFB337627F858850018F3A4 /* Info.plist */,
				A128BB7E28524570007F7645 /* WidgetStockData.swift */,
			);
			path = StockWidget;
			sourceTree = "<group>";
		};
/* End PBXGroup section */

/* Begin PBXNativeTarget section */
		A181944E28B881B5009475E9 /* MyTaiwanStockTests */ = {
			isa = PBXNativeTarget;
			buildConfigurationList = A181945728B881B5009475E9 /* Build configuration list for PBXNativeTarget "MyTaiwanStockTests" */;
			buildPhases = (
				A181944B28B881B5009475E9 /* Sources */,
				A181944C28B881B5009475E9 /* Frameworks */,
				A181944D28B881B5009475E9 /* Resources */,
			);
			buildRules = (
			);
			dependencies = (
				A181945428B881B5009475E9 /* PBXTargetDependency */,
			);
			name = MyTaiwanStockTests;
			productName = MyTaiwanStockTests;
			productReference = A181944F28B881B5009475E9 /* MyTaiwanStockTests.xctest */;
			productType = "com.apple.product-type.bundle.unit-test";
		};
		DF06F2F627097F2C0031D6FE /* MyTaiwanStock */ = {
			isa = PBXNativeTarget;
			buildConfigurationList = DF06F30B27097F2E0031D6FE /* Build configuration list for PBXNativeTarget "MyTaiwanStock" */;
			buildPhases = (
				DF06F2F327097F2C0031D6FE /* Sources */,
				DF06F2F427097F2C0031D6FE /* Frameworks */,
				DF06F2F527097F2C0031D6FE /* Resources */,
				DFA9FBDD27ED90C300632127 /* Embed Frameworks */,
				DFFB337A27F858850018F3A4 /* Embed App Extensions */,
				A1A1CE8E2840811600786864 /* ShellScript */,
			);
			buildRules = (
			);
			dependencies = (
				DFFB337827F858850018F3A4 /* PBXTargetDependency */,
			);
			name = MyTaiwanStock;
			packageProductDependencies = (
				A197396127154CEB009D5917 /* Kingfisher */,
				DFFEB04027E1D00700C85A53 /* FirebaseAuth */,
				DFFEB04227E1D00700C85A53 /* FirebaseFirestore */,
				DFFEB04427E1D00700C85A53 /* FirebaseFirestoreSwift-Beta */,
				DFFB337F27F85A160018F3A4 /* Charts */,
				A1A1CE8A28407EEA00786864 /* FirebaseAnalyticsSwift-Beta */,
				A1A1CE8C28407EEA00786864 /* FirebaseCrashlytics */,
				A1CF660928BEFB88005F6189 /* MessageKit */,
				A199DC3A28C79AB3003FBC61 /* GoogleSignIn */,
				A199DC3C28C79AB3003FBC61 /* GoogleSignInSwift */,
			);
			productName = MyTaiwanStock;
			productReference = DF06F2F727097F2C0031D6FE /* MyTaiwanStock.app */;
			productType = "com.apple.product-type.application";
		};
		DFFB336B27F858830018F3A4 /* StockWidgetExtension */ = {
			isa = PBXNativeTarget;
			buildConfigurationList = DFFB337D27F858850018F3A4 /* Build configuration list for PBXNativeTarget "StockWidgetExtension" */;
			buildPhases = (
				DFFB336827F858830018F3A4 /* Sources */,
				DFFB336927F858830018F3A4 /* Frameworks */,
				DFFB336A27F858830018F3A4 /* Resources */,
			);
			buildRules = (
			);
			dependencies = (
			);
			name = StockWidgetExtension;
			productName = StockWidgetExtension;
			productReference = DFFB336C27F858830018F3A4 /* StockWidgetExtension.appex */;
			productType = "com.apple.product-type.app-extension";
		};
/* End PBXNativeTarget section */

/* Begin PBXProject section */
		DF06F2EF27097F2C0031D6FE /* Project object */ = {
			isa = PBXProject;
			attributes = {
				LastSwiftUpdateCheck = 1320;
				LastUpgradeCheck = 1250;
				TargetAttributes = {
					A181944E28B881B5009475E9 = {
						CreatedOnToolsVersion = 13.2.1;
						TestTargetID = DF06F2F627097F2C0031D6FE;
					};
					DF06F2F627097F2C0031D6FE = {
						CreatedOnToolsVersion = 12.5.1;
					};
					DFFB336B27F858830018F3A4 = {
						CreatedOnToolsVersion = 13.2.1;
					};
				};
			};
			buildConfigurationList = DF06F2F227097F2C0031D6FE /* Build configuration list for PBXProject "MyTaiwanStock" */;
			compatibilityVersion = "Xcode 9.3";
			developmentRegion = en;
			hasScannedForEncodings = 0;
			knownRegions = (
				en,
				Base,
			);
			mainGroup = DF06F2EE27097F2C0031D6FE;
			packageReferences = (
				A197396027154CEB009D5917 /* XCRemoteSwiftPackageReference "Kingfisher" */,
				DFFEB03F27E1D00700C85A53 /* XCRemoteSwiftPackageReference "firebase-ios-sdk" */,
				DFFEB04627E1D3BC00C85A53 /* XCRemoteSwiftPackageReference "MessageKit" */,
				DFFB337E27F85A160018F3A4 /* XCRemoteSwiftPackageReference "Charts" */,
				A199DC3928C79AB3003FBC61 /* XCRemoteSwiftPackageReference "GoogleSignIn-iOS" */,
			);
			productRefGroup = DF06F2F827097F2C0031D6FE /* Products */;
			projectDirPath = "";
			projectRoot = "";
			targets = (
				DF06F2F627097F2C0031D6FE /* MyTaiwanStock */,
				DFFB336B27F858830018F3A4 /* StockWidgetExtension */,
				A181944E28B881B5009475E9 /* MyTaiwanStockTests */,
			);
		};
/* End PBXProject section */

/* Begin PBXResourcesBuildPhase section */
		A181944D28B881B5009475E9 /* Resources */ = {
			isa = PBXResourcesBuildPhase;
			buildActionMask = 2147483647;
			files = (
			);
			runOnlyForDeploymentPostprocessing = 0;
		};
		DF06F2F527097F2C0031D6FE /* Resources */ = {
			isa = PBXResourcesBuildPhase;
			buildActionMask = 2147483647;
			files = (
				DF06F30727097F2E0031D6FE /* LaunchScreen.storyboard in Resources */,
				DF06F30427097F2E0031D6FE /* Assets.xcassets in Resources */,
				DF06F30227097F2C0031D6FE /* Main.storyboard in Resources */,
				A12705182830F4AB00ED92F2 /* GoogleService-Info.plist in Resources */,
			);
			runOnlyForDeploymentPostprocessing = 0;
		};
		DFFB336A27F858830018F3A4 /* Resources */ = {
			isa = PBXResourcesBuildPhase;
			buildActionMask = 2147483647;
			files = (
				DFFB337527F858850018F3A4 /* Assets.xcassets in Resources */,
			);
			runOnlyForDeploymentPostprocessing = 0;
		};
/* End PBXResourcesBuildPhase section */

/* Begin PBXShellScriptBuildPhase section */
		A1A1CE8E2840811600786864 /* ShellScript */ = {
			isa = PBXShellScriptBuildPhase;
			buildActionMask = 2147483647;
			files = (
			);
			inputFileListPaths = (
			);
			inputPaths = (
				"$(SRCROOT)/$(BUILT_PRODUCTS_DIR)/$(INFOPLIST_PATH)",
				"${DWARF_DSYM_FOLDER_PATH}/${DWARF_DSYM_FILE_NAME}/Contents/Resources/DWARF/${TARGET_NAME}\n",
			);
			outputFileListPaths = (
			);
			outputPaths = (
			);
			runOnlyForDeploymentPostprocessing = 0;
			shellPath = /bin/sh;
			shellScript = "# Type a script or drag a script file from your workspace to insert its path.\n\"${BUILD_DIR%/Build/*}/SourcePackages/checkouts/firebase-ios-sdk/Crashlytics/run\"\n";
		};
/* End PBXShellScriptBuildPhase section */

/* Begin PBXSourcesBuildPhase section */
		A181944B28B881B5009475E9 /* Sources */ = {
			isa = PBXSourcesBuildPhase;
			buildActionMask = 2147483647;
			files = (
				A181945928B88209009475E9 /* ValidInputServiceTest.swift in Sources */,
			);
			runOnlyForDeploymentPostprocessing = 0;
		};
		DF06F2F327097F2C0031D6FE /* Sources */ = {
			isa = PBXSourcesBuildPhase;
			buildActionMask = 2147483647;
			files = (
				DFD239DD270F39A7004AFAF9 /* MyTaiwanStock.xcdatamodeld in Sources */,
				A127051C2831F98100ED92F2 /* AddStockNoViewModel.swift in Sources */,
				A10CD2D028B9D1BB00B37AA4 /* CustomTabBarViewController.swift in Sources */,
				A168E0A22714822D00C75064 /* NewsListTableViewCell.swift in Sources */,
				A181943B28B87895009475E9 /* ValidInputService.swift in Sources */,
				DF793ADB27E03258007C9442 /* AddStockTableViewCell.swift in Sources */,
				DFFEB05027E1E37D00C85A53 /* Channel.swift in Sources */,
				DF06F326270D50000031D6FE /* History.swift in Sources */,
				A199DC3F28C79CAE003FBC61 /* AccountViewController.swift in Sources */,
				A199DC3828BFA048003FBC61 /* UserDefault+Extension.swift in Sources */,
				A1270524283212FE00ED92F2 /* StatisticViewModel.swift in Sources */,
				DF06F2FF27097F2C0031D6FE /* StockListViewController.swift in Sources */,
				DF715D722809140300DD92F4 /* AddListViewController.swift in Sources */,
				A168E0A027147C9800C75064 /* NewsListViewController.swift in Sources */,
				DF3873A227ECC8DC000E2EAF /* LargeValueFormatter.swift in Sources */,
				A127052628321DB000ED92F2 /* HistoryCellViewModel.swift in Sources */,
				DF06F32A270DEA1A0031D6FE /* AddHistoryViewController.swift in Sources */,
				DFFEB04E27E1D6C400C85A53 /* Message.swift in Sources */,
				A12705122830AE9900ED92F2 /* StockListViewModel.swift in Sources */,
				DF06F31C270AA43A0031D6FE /* StockViewController.swift in Sources */,
				DF06F324270B1A4F0031D6FE /* MyStockList.swift in Sources */,
				DF06F328270D61AC0031D6FE /* HistoryTableViewCell.swift in Sources */,
				DF06F2FB27097F2C0031D6FE /* AppDelegate.swift in Sources */,
				DF793AD727DF8C36007C9442 /* AddStockNoViewController.swift in Sources */,
				DF06F3102709805E0031D6FE /* StockInfo.swift in Sources */,
				DFFEB04C27E1D68C00C85A53 /* Sender.swift in Sources */,
				A1C9DAE02834F9DA00ADDEDB /* UIButton+Extension.swift in Sources */,
				DF944EE92807DB04005157A9 /* ChartService.swift in Sources */,
				DF06F2FD27097F2C0031D6FE /* SceneDelegate.swift in Sources */,
				A12705162830BCE500ED92F2 /* Observable.swift in Sources */,
				A1202125288BB8DD00C8746A /* NewsListTableViewCell2.swift in Sources */,
				DF14418027869C200038D05D /* StockStatistic.swift in Sources */,
				A127052C2833604400ED92F2 /* NewsListCellViewModel.swift in Sources */,
				DF06F317270A01220031D6FE /* StockTableViewCell.swift in Sources */,
				DFFEB04A27E1D45000C85A53 /* ChatViewController.swift in Sources */,
				A127052A28335E6C00ED92F2 /* NewsListViewModel.swift in Sources */,
				A127052228320B2200ED92F2 /* AddHistoryViewModel.swift in Sources */,
				A199DC3228BF1B70003FBC61 /* SettingViewController.swift in Sources */,
				DF06F3132709A3190031D6FE /* OneDayStockInfo.swift in Sources */,
				A199DC3428BF400D003FBC61 /* EditFeeViewController.swift in Sources */,
				DF14417E27868B240038D05D /* StatisticTableViewCell.swift in Sources */,
				DF14417C2785A5630038D05D /* StatisticViewController.swift in Sources */,
				A127051E283201D700ED92F2 /* AddListViewModel.swift in Sources */,
				A1270520283209FD00ED92F2 /* StockDetailViewModel.swift in Sources */,
				DF793AD927DF8E29007C9442 /* StockNoList.swift in Sources */,
				A1C2E5E728B71F55009D8D9B /* ViewController+extension.swift in Sources */,
				A168E09E27146EF600C75064 /* NewsAPI.swift in Sources */,
				A127051A28314D6900ED92F2 /* AddStockCellViewModel.swift in Sources */,
				A168E0A427148D1600C75064 /* webViewController.swift in Sources */,
				A1270528283241D700ED92F2 /* ChatViewModel.swift in Sources */,
				A12705142830B36700ED92F2 /* StockCellViewModel.swift in Sources */,
			);
			runOnlyForDeploymentPostprocessing = 0;
		};
		DFFB336827F858830018F3A4 /* Sources */ = {
			isa = PBXSourcesBuildPhase;
			buildActionMask = 2147483647;
			files = (
				A128BB7D285241E8007F7645 /* OneDayStockInfo.swift in Sources */,
				DFFB337327F858830018F3A4 /* StockWidget.swift in Sources */,
				A128BB7F28524570007F7645 /* WidgetStockData.swift in Sources */,
			);
			runOnlyForDeploymentPostprocessing = 0;
		};
/* End PBXSourcesBuildPhase section */

/* Begin PBXTargetDependency section */
		A181945428B881B5009475E9 /* PBXTargetDependency */ = {
			isa = PBXTargetDependency;
			target = DF06F2F627097F2C0031D6FE /* MyTaiwanStock */;
			targetProxy = A181945328B881B5009475E9 /* PBXContainerItemProxy */;
		};
		DFFB337827F858850018F3A4 /* PBXTargetDependency */ = {
			isa = PBXTargetDependency;
			target = DFFB336B27F858830018F3A4 /* StockWidgetExtension */;
			targetProxy = DFFB337727F858850018F3A4 /* PBXContainerItemProxy */;
		};
/* End PBXTargetDependency section */

/* Begin PBXVariantGroup section */
		DF06F30027097F2C0031D6FE /* Main.storyboard */ = {
			isa = PBXVariantGroup;
			children = (
				DF06F30127097F2C0031D6FE /* Base */,
			);
			name = Main.storyboard;
			sourceTree = "<group>";
		};
		DF06F30527097F2E0031D6FE /* LaunchScreen.storyboard */ = {
			isa = PBXVariantGroup;
			children = (
				DF06F30627097F2E0031D6FE /* Base */,
			);
			name = LaunchScreen.storyboard;
			sourceTree = "<group>";
		};
/* End PBXVariantGroup section */

/* Begin XCBuildConfiguration section */
		A181945528B881B5009475E9 /* Debug */ = {
			isa = XCBuildConfiguration;
			buildSettings = {
				BUNDLE_LOADER = "$(TEST_HOST)";
				CLANG_CXX_LANGUAGE_STANDARD = "gnu++17";
				CODE_SIGN_STYLE = Automatic;
				CURRENT_PROJECT_VERSION = 1;
				DEVELOPMENT_TEAM = UZ2Z639589;
				GENERATE_INFOPLIST_FILE = YES;
				IPHONEOS_DEPLOYMENT_TARGET = 15.2;
				MARKETING_VERSION = 1.0;
				PRODUCT_BUNDLE_IDENTIFIER = com.a2006mike.MyTaiwanStockTests;
				PRODUCT_NAME = "$(TARGET_NAME)";
				SWIFT_EMIT_LOC_STRINGS = NO;
				SWIFT_VERSION = 5.0;
				TARGETED_DEVICE_FAMILY = "1,2";
				TEST_HOST = "$(BUILT_PRODUCTS_DIR)/MyTaiwanStock.app/MyTaiwanStock";
			};
			name = Debug;
		};
		A181945628B881B5009475E9 /* Release */ = {
			isa = XCBuildConfiguration;
			buildSettings = {
				BUNDLE_LOADER = "$(TEST_HOST)";
				CLANG_CXX_LANGUAGE_STANDARD = "gnu++17";
				CODE_SIGN_STYLE = Automatic;
				CURRENT_PROJECT_VERSION = 1;
				DEVELOPMENT_TEAM = UZ2Z639589;
				GENERATE_INFOPLIST_FILE = YES;
				IPHONEOS_DEPLOYMENT_TARGET = 15.2;
				MARKETING_VERSION = 1.0;
				PRODUCT_BUNDLE_IDENTIFIER = com.a2006mike.MyTaiwanStockTests;
				PRODUCT_NAME = "$(TARGET_NAME)";
				SWIFT_EMIT_LOC_STRINGS = NO;
				SWIFT_VERSION = 5.0;
				TARGETED_DEVICE_FAMILY = "1,2";
				TEST_HOST = "$(BUILT_PRODUCTS_DIR)/MyTaiwanStock.app/MyTaiwanStock";
			};
			name = Release;
		};
		DF06F30927097F2E0031D6FE /* Debug */ = {
			isa = XCBuildConfiguration;
			buildSettings = {
				ALWAYS_SEARCH_USER_PATHS = NO;
				CLANG_ANALYZER_NONNULL = YES;
				CLANG_ANALYZER_NUMBER_OBJECT_CONVERSION = YES_AGGRESSIVE;
				CLANG_CXX_LANGUAGE_STANDARD = "gnu++14";
				CLANG_CXX_LIBRARY = "libc++";
				CLANG_ENABLE_MODULES = YES;
				CLANG_ENABLE_OBJC_ARC = YES;
				CLANG_ENABLE_OBJC_WEAK = YES;
				CLANG_WARN_BLOCK_CAPTURE_AUTORELEASING = YES;
				CLANG_WARN_BOOL_CONVERSION = YES;
				CLANG_WARN_COMMA = YES;
				CLANG_WARN_CONSTANT_CONVERSION = YES;
				CLANG_WARN_DEPRECATED_OBJC_IMPLEMENTATIONS = YES;
				CLANG_WARN_DIRECT_OBJC_ISA_USAGE = YES_ERROR;
				CLANG_WARN_DOCUMENTATION_COMMENTS = YES;
				CLANG_WARN_EMPTY_BODY = YES;
				CLANG_WARN_ENUM_CONVERSION = YES;
				CLANG_WARN_INFINITE_RECURSION = YES;
				CLANG_WARN_INT_CONVERSION = YES;
				CLANG_WARN_NON_LITERAL_NULL_CONVERSION = YES;
				CLANG_WARN_OBJC_IMPLICIT_RETAIN_SELF = YES;
				CLANG_WARN_OBJC_LITERAL_CONVERSION = YES;
				CLANG_WARN_OBJC_ROOT_CLASS = YES_ERROR;
				CLANG_WARN_QUOTED_INCLUDE_IN_FRAMEWORK_HEADER = YES;
				CLANG_WARN_RANGE_LOOP_ANALYSIS = YES;
				CLANG_WARN_STRICT_PROTOTYPES = YES;
				CLANG_WARN_SUSPICIOUS_MOVE = YES;
				CLANG_WARN_UNGUARDED_AVAILABILITY = YES_AGGRESSIVE;
				CLANG_WARN_UNREACHABLE_CODE = YES;
				CLANG_WARN__DUPLICATE_METHOD_MATCH = YES;
				COPY_PHASE_STRIP = NO;
				DEBUG_INFORMATION_FORMAT = dwarf;
				ENABLE_STRICT_OBJC_MSGSEND = YES;
				ENABLE_TESTABILITY = YES;
				GCC_C_LANGUAGE_STANDARD = gnu11;
				GCC_DYNAMIC_NO_PIC = NO;
				GCC_NO_COMMON_BLOCKS = YES;
				GCC_OPTIMIZATION_LEVEL = 0;
				GCC_PREPROCESSOR_DEFINITIONS = (
					"DEBUG=1",
					"$(inherited)",
				);
				GCC_WARN_64_TO_32_BIT_CONVERSION = YES;
				GCC_WARN_ABOUT_RETURN_TYPE = YES_ERROR;
				GCC_WARN_UNDECLARED_SELECTOR = YES;
				GCC_WARN_UNINITIALIZED_AUTOS = YES_AGGRESSIVE;
				GCC_WARN_UNUSED_FUNCTION = YES;
				GCC_WARN_UNUSED_VARIABLE = YES;
				IPHONEOS_DEPLOYMENT_TARGET = 14.5;
				MTL_ENABLE_DEBUG_INFO = INCLUDE_SOURCE;
				MTL_FAST_MATH = YES;
				ONLY_ACTIVE_ARCH = YES;
				SDKROOT = iphoneos;
				SWIFT_ACTIVE_COMPILATION_CONDITIONS = DEBUG;
				SWIFT_OPTIMIZATION_LEVEL = "-Onone";
			};
			name = Debug;
		};
		DF06F30A27097F2E0031D6FE /* Release */ = {
			isa = XCBuildConfiguration;
			buildSettings = {
				ALWAYS_SEARCH_USER_PATHS = NO;
				CLANG_ANALYZER_NONNULL = YES;
				CLANG_ANALYZER_NUMBER_OBJECT_CONVERSION = YES_AGGRESSIVE;
				CLANG_CXX_LANGUAGE_STANDARD = "gnu++14";
				CLANG_CXX_LIBRARY = "libc++";
				CLANG_ENABLE_MODULES = YES;
				CLANG_ENABLE_OBJC_ARC = YES;
				CLANG_ENABLE_OBJC_WEAK = YES;
				CLANG_WARN_BLOCK_CAPTURE_AUTORELEASING = YES;
				CLANG_WARN_BOOL_CONVERSION = YES;
				CLANG_WARN_COMMA = YES;
				CLANG_WARN_CONSTANT_CONVERSION = YES;
				CLANG_WARN_DEPRECATED_OBJC_IMPLEMENTATIONS = YES;
				CLANG_WARN_DIRECT_OBJC_ISA_USAGE = YES_ERROR;
				CLANG_WARN_DOCUMENTATION_COMMENTS = YES;
				CLANG_WARN_EMPTY_BODY = YES;
				CLANG_WARN_ENUM_CONVERSION = YES;
				CLANG_WARN_INFINITE_RECURSION = YES;
				CLANG_WARN_INT_CONVERSION = YES;
				CLANG_WARN_NON_LITERAL_NULL_CONVERSION = YES;
				CLANG_WARN_OBJC_IMPLICIT_RETAIN_SELF = YES;
				CLANG_WARN_OBJC_LITERAL_CONVERSION = YES;
				CLANG_WARN_OBJC_ROOT_CLASS = YES_ERROR;
				CLANG_WARN_QUOTED_INCLUDE_IN_FRAMEWORK_HEADER = YES;
				CLANG_WARN_RANGE_LOOP_ANALYSIS = YES;
				CLANG_WARN_STRICT_PROTOTYPES = YES;
				CLANG_WARN_SUSPICIOUS_MOVE = YES;
				CLANG_WARN_UNGUARDED_AVAILABILITY = YES_AGGRESSIVE;
				CLANG_WARN_UNREACHABLE_CODE = YES;
				CLANG_WARN__DUPLICATE_METHOD_MATCH = YES;
				COPY_PHASE_STRIP = NO;
				DEBUG_INFORMATION_FORMAT = "dwarf-with-dsym";
				ENABLE_NS_ASSERTIONS = NO;
				ENABLE_STRICT_OBJC_MSGSEND = YES;
				GCC_C_LANGUAGE_STANDARD = gnu11;
				GCC_NO_COMMON_BLOCKS = YES;
				GCC_WARN_64_TO_32_BIT_CONVERSION = YES;
				GCC_WARN_ABOUT_RETURN_TYPE = YES_ERROR;
				GCC_WARN_UNDECLARED_SELECTOR = YES;
				GCC_WARN_UNINITIALIZED_AUTOS = YES_AGGRESSIVE;
				GCC_WARN_UNUSED_FUNCTION = YES;
				GCC_WARN_UNUSED_VARIABLE = YES;
				IPHONEOS_DEPLOYMENT_TARGET = 14.5;
				MTL_ENABLE_DEBUG_INFO = NO;
				MTL_FAST_MATH = YES;
				SDKROOT = iphoneos;
				SWIFT_COMPILATION_MODE = wholemodule;
				SWIFT_OPTIMIZATION_LEVEL = "-O";
				VALIDATE_PRODUCT = YES;
			};
			name = Release;
		};
		DF06F30C27097F2E0031D6FE /* Debug */ = {
			isa = XCBuildConfiguration;
			buildSettings = {
				ALWAYS_EMBED_SWIFT_STANDARD_LIBRARIES = YES;
				ASSETCATALOG_COMPILER_APPICON_NAME = AppIcon;
				ASSETCATALOG_COMPILER_GLOBAL_ACCENT_COLOR_NAME = AccentColor;
				CODE_SIGN_ENTITLEMENTS = MyTaiwanStock/MyTaiwanStock.entitlements;
				CODE_SIGN_STYLE = Automatic;
				DEBUG_INFORMATION_FORMAT = "dwarf-with-dsym";
				DEVELOPMENT_TEAM = UZ2Z639589;
				INFOPLIST_FILE = MyTaiwanStock/Info.plist;
				LD_RUNPATH_SEARCH_PATHS = (
					"$(inherited)",
					"@executable_path/Frameworks",
				);
				MARKETING_VERSION = 1.4;
				PRODUCT_BUNDLE_IDENTIFIER = com.a2006mike.MyTaiwanStock;
				PRODUCT_NAME = "$(TARGET_NAME)";
				SWIFT_VERSION = 5.0;
				TARGETED_DEVICE_FAMILY = 1;
			};
			name = Debug;
		};
		DF06F30D27097F2E0031D6FE /* Release */ = {
			isa = XCBuildConfiguration;
			buildSettings = {
				ALWAYS_EMBED_SWIFT_STANDARD_LIBRARIES = YES;
				ASSETCATALOG_COMPILER_APPICON_NAME = AppIcon;
				ASSETCATALOG_COMPILER_GLOBAL_ACCENT_COLOR_NAME = AccentColor;
				CODE_SIGN_ENTITLEMENTS = MyTaiwanStock/MyTaiwanStock.entitlements;
				CODE_SIGN_STYLE = Automatic;
				DEVELOPMENT_TEAM = UZ2Z639589;
				INFOPLIST_FILE = MyTaiwanStock/Info.plist;
				LD_RUNPATH_SEARCH_PATHS = (
					"$(inherited)",
					"@executable_path/Frameworks",
				);
				MARKETING_VERSION = 1.4;
				PRODUCT_BUNDLE_IDENTIFIER = com.a2006mike.MyTaiwanStock;
				PRODUCT_NAME = "$(TARGET_NAME)";
				SWIFT_VERSION = 5.0;
				TARGETED_DEVICE_FAMILY = 1;
			};
			name = Release;
		};
		DFFB337B27F858850018F3A4 /* Debug */ = {
			isa = XCBuildConfiguration;
			buildSettings = {
				ASSETCATALOG_COMPILER_GLOBAL_ACCENT_COLOR_NAME = AccentColor;
				ASSETCATALOG_COMPILER_WIDGET_BACKGROUND_COLOR_NAME = WidgetBackground;
				CLANG_CXX_LANGUAGE_STANDARD = "gnu++17";
				CODE_SIGN_ENTITLEMENTS = StockWidgetExtension.entitlements;
				CODE_SIGN_STYLE = Automatic;
				CURRENT_PROJECT_VERSION = 1;
				DEVELOPMENT_TEAM = UZ2Z639589;
				GENERATE_INFOPLIST_FILE = YES;
				INFOPLIST_FILE = StockWidget/Info.plist;
				INFOPLIST_KEY_CFBundleDisplayName = StockWidget;
				INFOPLIST_KEY_NSHumanReadableCopyright = "";
				IPHONEOS_DEPLOYMENT_TARGET = 14.7;
				LD_RUNPATH_SEARCH_PATHS = (
					"$(inherited)",
					"@executable_path/Frameworks",
					"@executable_path/../../Frameworks",
				);
				MARKETING_VERSION = 1.1;
				PRODUCT_BUNDLE_IDENTIFIER = com.a2006mike.MyTaiwanStock.StockWidget;
				PRODUCT_NAME = "$(TARGET_NAME)";
				SKIP_INSTALL = YES;
				SWIFT_EMIT_LOC_STRINGS = YES;
				SWIFT_VERSION = 5.0;
				TARGETED_DEVICE_FAMILY = "1,2";
			};
			name = Debug;
		};
		DFFB337C27F858850018F3A4 /* Release */ = {
			isa = XCBuildConfiguration;
			buildSettings = {
				ASSETCATALOG_COMPILER_GLOBAL_ACCENT_COLOR_NAME = AccentColor;
				ASSETCATALOG_COMPILER_WIDGET_BACKGROUND_COLOR_NAME = WidgetBackground;
				CLANG_CXX_LANGUAGE_STANDARD = "gnu++17";
				CODE_SIGN_ENTITLEMENTS = StockWidgetExtension.entitlements;
				CODE_SIGN_STYLE = Automatic;
				CURRENT_PROJECT_VERSION = 1;
				DEVELOPMENT_TEAM = UZ2Z639589;
				GENERATE_INFOPLIST_FILE = YES;
				INFOPLIST_FILE = StockWidget/Info.plist;
				INFOPLIST_KEY_CFBundleDisplayName = StockWidget;
				INFOPLIST_KEY_NSHumanReadableCopyright = "";
				IPHONEOS_DEPLOYMENT_TARGET = 14.7;
				LD_RUNPATH_SEARCH_PATHS = (
					"$(inherited)",
					"@executable_path/Frameworks",
					"@executable_path/../../Frameworks",
				);
				MARKETING_VERSION = 1.1;
				PRODUCT_BUNDLE_IDENTIFIER = com.a2006mike.MyTaiwanStock.StockWidget;
				PRODUCT_NAME = "$(TARGET_NAME)";
				SKIP_INSTALL = YES;
				SWIFT_EMIT_LOC_STRINGS = YES;
				SWIFT_VERSION = 5.0;
				TARGETED_DEVICE_FAMILY = "1,2";
			};
			name = Release;
		};
/* End XCBuildConfiguration section */

/* Begin XCConfigurationList section */
		A181945728B881B5009475E9 /* Build configuration list for PBXNativeTarget "MyTaiwanStockTests" */ = {
			isa = XCConfigurationList;
			buildConfigurations = (
				A181945528B881B5009475E9 /* Debug */,
				A181945628B881B5009475E9 /* Release */,
			);
			defaultConfigurationIsVisible = 0;
			defaultConfigurationName = Release;
		};
		DF06F2F227097F2C0031D6FE /* Build configuration list for PBXProject "MyTaiwanStock" */ = {
			isa = XCConfigurationList;
			buildConfigurations = (
				DF06F30927097F2E0031D6FE /* Debug */,
				DF06F30A27097F2E0031D6FE /* Release */,
			);
			defaultConfigurationIsVisible = 0;
			defaultConfigurationName = Release;
		};
		DF06F30B27097F2E0031D6FE /* Build configuration list for PBXNativeTarget "MyTaiwanStock" */ = {
			isa = XCConfigurationList;
			buildConfigurations = (
				DF06F30C27097F2E0031D6FE /* Debug */,
				DF06F30D27097F2E0031D6FE /* Release */,
			);
			defaultConfigurationIsVisible = 0;
			defaultConfigurationName = Release;
		};
		DFFB337D27F858850018F3A4 /* Build configuration list for PBXNativeTarget "StockWidgetExtension" */ = {
			isa = XCConfigurationList;
			buildConfigurations = (
				DFFB337B27F858850018F3A4 /* Debug */,
				DFFB337C27F858850018F3A4 /* Release */,
			);
			defaultConfigurationIsVisible = 0;
			defaultConfigurationName = Release;
		};
/* End XCConfigurationList section */

/* Begin XCRemoteSwiftPackageReference section */
		A197396027154CEB009D5917 /* XCRemoteSwiftPackageReference "Kingfisher" */ = {
			isa = XCRemoteSwiftPackageReference;
			repositoryURL = "https://github.com/onevcat/Kingfisher.git";
			requirement = {
				kind = upToNextMajorVersion;
				minimumVersion = 7.0.0;
			};
		};
		A199DC3928C79AB3003FBC61 /* XCRemoteSwiftPackageReference "GoogleSignIn-iOS" */ = {
			isa = XCRemoteSwiftPackageReference;
			repositoryURL = "https://github.com/google/GoogleSignIn-iOS";
			requirement = {
				branch = main;
				kind = branch;
			};
		};
		DFFB337E27F85A160018F3A4 /* XCRemoteSwiftPackageReference "Charts" */ = {
			isa = XCRemoteSwiftPackageReference;
			repositoryURL = "https://github.com/danielgindi/Charts";
			requirement = {
				kind = upToNextMajorVersion;
				minimumVersion = 3.0.0;
			};
		};
		DFFEB03F27E1D00700C85A53 /* XCRemoteSwiftPackageReference "firebase-ios-sdk" */ = {
			isa = XCRemoteSwiftPackageReference;
			repositoryURL = "https://github.com/firebase/firebase-ios-sdk";
			requirement = {
				kind = upToNextMajorVersion;
				minimumVersion = 8.0.0;
			};
		};
		DFFEB04627E1D3BC00C85A53 /* XCRemoteSwiftPackageReference "MessageKit" */ = {
			isa = XCRemoteSwiftPackageReference;
			repositoryURL = "https://github.com/MessageKit/MessageKit.git";
			requirement = {
				kind = upToNextMajorVersion;
				minimumVersion = 3.0.0;
			};
		};
/* End XCRemoteSwiftPackageReference section */

/* Begin XCSwiftPackageProductDependency section */
		A197396127154CEB009D5917 /* Kingfisher */ = {
			isa = XCSwiftPackageProductDependency;
			package = A197396027154CEB009D5917 /* XCRemoteSwiftPackageReference "Kingfisher" */;
			productName = Kingfisher;
		};
		A199DC3A28C79AB3003FBC61 /* GoogleSignIn */ = {
			isa = XCSwiftPackageProductDependency;
			package = A199DC3928C79AB3003FBC61 /* XCRemoteSwiftPackageReference "GoogleSignIn-iOS" */;
			productName = GoogleSignIn;
		};
		A199DC3C28C79AB3003FBC61 /* GoogleSignInSwift */ = {
			isa = XCSwiftPackageProductDependency;
			package = A199DC3928C79AB3003FBC61 /* XCRemoteSwiftPackageReference "GoogleSignIn-iOS" */;
			productName = GoogleSignInSwift;
		};
		A1A1CE8A28407EEA00786864 /* FirebaseAnalyticsSwift-Beta */ = {
			isa = XCSwiftPackageProductDependency;
			package = DFFEB03F27E1D00700C85A53 /* XCRemoteSwiftPackageReference "firebase-ios-sdk" */;
			productName = "FirebaseAnalyticsSwift-Beta";
		};
		A1A1CE8C28407EEA00786864 /* FirebaseCrashlytics */ = {
			isa = XCSwiftPackageProductDependency;
			package = DFFEB03F27E1D00700C85A53 /* XCRemoteSwiftPackageReference "firebase-ios-sdk" */;
			productName = FirebaseCrashlytics;
		};
		A1CF660928BEFB88005F6189 /* MessageKit */ = {
			isa = XCSwiftPackageProductDependency;
			package = DFFEB04627E1D3BC00C85A53 /* XCRemoteSwiftPackageReference "MessageKit" */;
			productName = MessageKit;
		};
		DFFB337F27F85A160018F3A4 /* Charts */ = {
			isa = XCSwiftPackageProductDependency;
			package = DFFB337E27F85A160018F3A4 /* XCRemoteSwiftPackageReference "Charts" */;
			productName = Charts;
		};
		DFFEB04027E1D00700C85A53 /* FirebaseAuth */ = {
			isa = XCSwiftPackageProductDependency;
			package = DFFEB03F27E1D00700C85A53 /* XCRemoteSwiftPackageReference "firebase-ios-sdk" */;
			productName = FirebaseAuth;
		};
		DFFEB04227E1D00700C85A53 /* FirebaseFirestore */ = {
			isa = XCSwiftPackageProductDependency;
			package = DFFEB03F27E1D00700C85A53 /* XCRemoteSwiftPackageReference "firebase-ios-sdk" */;
			productName = FirebaseFirestore;
		};
		DFFEB04427E1D00700C85A53 /* FirebaseFirestoreSwift-Beta */ = {
			isa = XCSwiftPackageProductDependency;
			package = DFFEB03F27E1D00700C85A53 /* XCRemoteSwiftPackageReference "firebase-ios-sdk" */;
			productName = "FirebaseFirestoreSwift-Beta";
		};
/* End XCSwiftPackageProductDependency section */

/* Begin XCVersionGroup section */
		DFD239DB270F39A7004AFAF9 /* MyTaiwanStock.xcdatamodeld */ = {
			isa = XCVersionGroup;
			children = (
				DFD239DC270F39A7004AFAF9 /* MyTaiwanStock.xcdatamodel */,
			);
			currentVersion = DFD239DC270F39A7004AFAF9 /* MyTaiwanStock.xcdatamodel */;
			path = MyTaiwanStock.xcdatamodeld;
			sourceTree = "<group>";
			versionGroupType = wrapper.xcdatamodel;
		};
/* End XCVersionGroup section */
	};
	rootObject = DF06F2EF27097F2C0031D6FE /* Project object */;
}
